
Microsoft Visual Studio Solution File, Format Version 12.00
# Visual Studio 2015
Project("{FAE04EC0-301F-11D3-BF4B-00C04F79EFBC}") = "Buildtest.CSharp", "Buildtest.CSharp.csproj", "{5DB042DF-A860-0009-AB3B-734B099D6A8B}"
EndProject
Project("{FAE04EC0-301F-11D3-BF4B-00C04F79EFBC}") = "Buildtest.CSharp.Editor", "Buildtest.CSharp.Editor.csproj", "{37E0335A-BF0D-0C88-39B4-EF0DC90222CD}"
EndProject
Global
	GlobalSection(SolutionConfigurationPlatforms) = preSolution
		Debug|Any CPU = Debug|Any CPU
		Release|Any CPU = Release|Any CPU
	EndGlobalSection
	GlobalSection(ProjectConfigurationPlatforms) = postSolution
		{5DB042DF-A860-0009-AB3B-734B099D6A8B}.Debug|Any CPU.ActiveCfg = Debug|Any CPU
		{5DB042DF-A860-0009-AB3B-734B099D6A8B}.Debug|Any CPU.Build.0 = Debug|Any CPU
		{5DB042DF-A860-0009-AB3B-734B099D6A8B}.Release|Any CPU.ActiveCfg = Release|Any CPU
		{5DB042DF-A860-0009-AB3B-734B099D6A8B}.Release|Any CPU.Build.0 = Release|Any CPU
		{37E0335A-BF0D-0C88-39B4-EF0DC90222CD}.Debug|Any CPU.ActiveCfg = Debug|Any CPU
		{37E0335A-BF0D-0C88-39B4-EF0DC90222CD}.Debug|Any CPU.Build.0 = Debug|Any CPU
		{37E0335A-BF0D-0C88-39B4-EF0DC90222CD}.Release|Any CPU.ActiveCfg = Release|Any CPU
		{37E0335A-BF0D-0C88-39B4-EF0DC90222CD}.Release|Any CPU.Build.0 = Release|Any CPU
	EndGlobalSection
	GlobalSection(SolutionProperties) = preSolution
		HideSolutionNode = FALSE
	EndGlobalSection
EndGlobal
